
Microsoft Visual Studio Solution File, Format Version 12.00
# Visual Studio Version 16
VisualStudioVersion = 16.0.30413.136
MinimumVisualStudioVersion = 10.0.40219.1
Project("{FAE04EC0-301F-11D3-BF4B-00C04F79EFBC}") = "KellyCriterionBetSimulator", "KellyCriterionBetSimulator\KellyCriterionBetSimulator.csproj", "{19F50FD0-EA6C-4873-B627-611CA7072325}"
EndProject
Global
	GlobalSection(SolutionConfigurationPlatforms) = preSolution
		Debug|Any CPU = Debug|Any CPU
		Release|Any CPU = Release|Any CPU
	EndGlobalSection
	GlobalSection(ProjectConfigurationPlatforms) = postSolution
		{19F50FD0-EA6C-4873-B627-611CA7072325}.Debug|Any CPU.ActiveCfg = Debug|Any CPU
		{19F50FD0-EA6C-4873-B627-611CA7072325}.Debug|Any CPU.Build.0 = Debug|Any CPU
		{19F50FD0-EA6C-4873-B627-611CA7072325}.Release|Any CPU.ActiveCfg = Release|Any CPU
		{19F50FD0-EA6C-4873-B627-611CA7072325}.Release|Any CPU.Build.0 = Release|Any CPU
	EndGlobalSection
	GlobalSection(SolutionProperties) = preSolution
		HideSolutionNode = FALSE
	EndGlobalSection
	GlobalSection(ExtensibilityGlobals) = postSolution
		SolutionGuid = {D7671A00-0CBA-4320-8AA4-F3E69E65DF0F}
	EndGlobalSection
EndGlobal
